
Microsoft Visual Studio Solution File, Format Version 12.00
# Visual Studio Version 17
VisualStudioVersion = 17.13.35825.156 d17.13
MinimumVisualStudioVersion = 10.0.40219.1
Project("{FAE04EC0-301F-11D3-BF4B-00C04F79EFBC}") = "FoxVill", "FoxVill.csproj", "{DAE4B90B-9DCD-48BA-8EA8-909CA26C4F3B}"
EndProject
Global
	GlobalSection(SolutionConfigurationPlatforms) = preSolution
		Debug|Any CPU = Debug|Any CPU
		Release|Any CPU = Release|Any CPU
	EndGlobalSection
	GlobalSection(ProjectConfigurationPlatforms) = postSolution
		{DAE4B90B-9DCD-48BA-8EA8-909CA26C4F3B}.Debug|Any CPU.ActiveCfg = Debug|Any CPU
		{DAE4B90B-9DCD-48BA-8EA8-909CA26C4F3B}.Debug|Any CPU.Build.0 = Debug|Any CPU
		{DAE4B90B-9DCD-48BA-8EA8-909CA26C4F3B}.Release|Any CPU.ActiveCfg = Release|Any CPU
		{DAE4B90B-9DCD-48BA-8EA8-909CA26C4F3B}.Release|Any CPU.Build.0 = Release|Any CPU
	EndGlobalSection
	GlobalSection(SolutionProperties) = preSolution
		HideSolutionNode = FALSE
	EndGlobalSection
	GlobalSection(ExtensibilityGlobals) = postSolution
		SolutionGuid = {B0BFF7E7-999A-4D55-9545-92B2B9D1F1E8}
	EndGlobalSection
EndGlobal
